
Microsoft Visual Studio Solution File, Format Version 12.00
# Visual Studio Version 17
VisualStudioVersion = 17.13.35919.96 d17.13
MinimumVisualStudioVersion = 10.0.40219.1
Project("{FAE04EC0-301F-11D3-BF4B-00C04F79EFBC}") = "Delegates", "Delegates\Delegates.csproj", "{3D74CA46-63BA-430B-8201-EAEC49A74187}"
EndProject
Global
	GlobalSection(SolutionConfigurationPlatforms) = preSolution
		Debug|Any CPU = Debug|Any CPU
		Release|Any CPU = Release|Any CPU
	EndGlobalSection
	GlobalSection(ProjectConfigurationPlatforms) = postSolution
		{3D74CA46-63BA-430B-8201-EAEC49A74187}.Debug|Any CPU.ActiveCfg = Debug|Any CPU
		{3D74CA46-63BA-430B-8201-EAEC49A74187}.Debug|Any CPU.Build.0 = Debug|Any CPU
		{3D74CA46-63BA-430B-8201-EAEC49A74187}.Release|Any CPU.ActiveCfg = Release|Any CPU
		{3D74CA46-63BA-430B-8201-EAEC49A74187}.Release|Any CPU.Build.0 = Release|Any CPU
	EndGlobalSection
	GlobalSection(SolutionProperties) = preSolution
		HideSolutionNode = FALSE
	EndGlobalSection
	GlobalSection(ExtensibilityGlobals) = postSolution
		SolutionGuid = {198F1BC1-0307-41E9-8DE5-73C2F3035A04}
	EndGlobalSection
EndGlobal
